
Microsoft Visual Studio Solution File, Format Version 12.00
# Visual Studio Version 16
VisualStudioVersion = 16.0.31220.234
MinimumVisualStudioVersion = 10.0.40219.1
Project("{FAE04EC0-301F-11D3-BF4B-00C04F79EFBC}") = "Client", "Client\Client.csproj", "{D13B5A2F-D68D-4808-BF8B-480274AF78AA}"
EndProject
Global
	GlobalSection(SolutionConfigurationPlatforms) = preSolution
		Debug|Any CPU = Debug|Any CPU
		Release|Any CPU = Release|Any CPU
	EndGlobalSection
	GlobalSection(ProjectConfigurationPlatforms) = postSolution
		{D13B5A2F-D68D-4808-BF8B-480274AF78AA}.Debug|Any CPU.ActiveCfg = Debug|Any CPU
		{D13B5A2F-D68D-4808-BF8B-480274AF78AA}.Debug|Any CPU.Build.0 = Debug|Any CPU
		{D13B5A2F-D68D-4808-BF8B-480274AF78AA}.Release|Any CPU.ActiveCfg = Release|Any CPU
		{D13B5A2F-D68D-4808-BF8B-480274AF78AA}.Release|Any CPU.Build.0 = Release|Any CPU
	EndGlobalSection
	GlobalSection(SolutionProperties) = preSolution
		HideSolutionNode = FALSE
	EndGlobalSection
	GlobalSection(ExtensibilityGlobals) = postSolution
		SolutionGuid = {4194BDE5-0F48-44A2-928A-F7667B0CFFDD}
	EndGlobalSection
EndGlobal
